
Microsoft Visual Studio Solution File, Format Version 12.00
# Visual Studio Version 16
VisualStudioVersion = 16.0.31025.194
MinimumVisualStudioVersion = 10.0.40219.1
Project("{FAE04EC0-301F-11D3-BF4B-00C04F79EFBC}") = "ConsoleGame", "ConsoleGame\ConsoleGame.csproj", "{31465899-7F73-4ED7-ABD1-FCE5EBD1159F}"
EndProject
Global
	GlobalSection(SolutionConfigurationPlatforms) = preSolution
		Debug|Any CPU = Debug|Any CPU
		Release|Any CPU = Release|Any CPU
	EndGlobalSection
	GlobalSection(ProjectConfigurationPlatforms) = postSolution
		{31465899-7F73-4ED7-ABD1-FCE5EBD1159F}.Debug|Any CPU.ActiveCfg = Debug|Any CPU
		{31465899-7F73-4ED7-ABD1-FCE5EBD1159F}.Debug|Any CPU.Build.0 = Debug|Any CPU
		{31465899-7F73-4ED7-ABD1-FCE5EBD1159F}.Release|Any CPU.ActiveCfg = Release|Any CPU
		{31465899-7F73-4ED7-ABD1-FCE5EBD1159F}.Release|Any CPU.Build.0 = Release|Any CPU
	EndGlobalSection
	GlobalSection(SolutionProperties) = preSolution
		HideSolutionNode = FALSE
	EndGlobalSection
	GlobalSection(ExtensibilityGlobals) = postSolution
		SolutionGuid = {325B5BF0-FEF7-4616-ACB4-7467E2478A29}
	EndGlobalSection
EndGlobal
